
Microsoft Visual Studio Solution File, Format Version 12.00
# Visual Studio Version 16
VisualStudioVersion = 16.0.30104.148
MinimumVisualStudioVersion = 10.0.40219.1
Project("{2150E333-8FDC-42A3-9474-1A3956D46DE8}") = "Application", "Application", "{98DB3CEB-2C21-4C59-B107-88A78C16030A}"
EndProject
Project("{2150E333-8FDC-42A3-9474-1A3956D46DE8}") = "Domain", "Domain", "{1F61C2E7-2B88-4EF1-B6A5-F6BE8E730B03}"
EndProject
Project("{2150E333-8FDC-42A3-9474-1A3956D46DE8}") = "Infra", "Infra", "{0FA34B48-4A63-4572-BF79-0E39761D1564}"
EndProject
Project("{2150E333-8FDC-42A3-9474-1A3956D46DE8}") = "Data", "Data", "{668BB5B5-8EB2-4A78-AA30-5F815322FC7C}"
EndProject
Project("{2150E333-8FDC-42A3-9474-1A3956D46DE8}") = "Presentation", "Presentation", "{342C2625-84AF-431B-B83A-B261A65ACEA5}"
EndProject
Project("{9A19103F-16F7-4668-BE54-9A1E7A4F7556}") = "CleanArch.Mvc", "CleanArch.Mvc\CleanArch.Mvc.csproj", "{1CC51E14-7BAC-4879-A71E-39D78C6188C2}"
EndProject
Project("{2150E333-8FDC-42A3-9474-1A3956D46DE8}") = "IoC", "IoC", "{FEA3D5D0-987E-4ADB-AAF7-C3F9C2B5DB35}"
EndProject
Project("{9A19103F-16F7-4668-BE54-9A1E7A4F7556}") = "CleanArch.Domain", "CleanArch.Domain\CleanArch.Domain.csproj", "{B1F88E06-6A3B-4EB9-B2F4-DA6FCDA69E5D}"
EndProject
Project("{9A19103F-16F7-4668-BE54-9A1E7A4F7556}") = "CleanArch.Infra.Data", "CleanArch.Infra.Data\CleanArch.Infra.Data.csproj", "{D4F12D30-FF81-44EA-9E71-C3A947B81867}"
EndProject
Project("{9A19103F-16F7-4668-BE54-9A1E7A4F7556}") = "CleanArch.Application", "CleanArch.Application\CleanArch.Application.csproj", "{61D7FED6-129A-480A-AC7D-F5F39D028AB9}"
EndProject
Project("{9A19103F-16F7-4668-BE54-9A1E7A4F7556}") = "CleanArch.Infra.IoC", "CleanArch.Infra.IoC\CleanArch.Infra.IoC.csproj", "{8C733914-E90C-4EE8-B8EF-C9D724EA98B9}"
EndProject
Project("{2150E333-8FDC-42A3-9474-1A3956D46DE8}") = "WebApi", "WebApi", "{A15A6125-34B2-41C8-9543-47B0EA8ABF33}"
EndProject
Project("{2150E333-8FDC-42A3-9474-1A3956D46DE8}") = "Bus", "Bus", "{0533467F-7AF0-4E43-B4F8-A50DA07AF5A3}"
EndProject
Project("{FAE04EC0-301F-11D3-BF4B-00C04F79EFBC}") = "CleanArch.Infra.Bus", "CleanArch.Infra.Bus\CleanArch.Infra.Bus.csproj", "{854B5BD7-07F0-4336-9739-FD124D856079}"
EndProject
Project("{FAE04EC0-301F-11D3-BF4B-00C04F79EFBC}") = "CleanArch.Domain.Core", "CleanArch.Domain.Core\CleanArch.Domain.Core.csproj", "{58EF4533-5880-4483-A949-0B868C7E0FEC}"
EndProject
Project("{FAE04EC0-301F-11D3-BF4B-00C04F79EFBC}") = "CleanArch.WebApi", "CleanArch.WebApi\CleanArch.WebApi.csproj", "{8BA89576-A054-4371-9DF3-3E26589E9EE0}"
EndProject
Global
	GlobalSection(SolutionConfigurationPlatforms) = preSolution
		Debug|Any CPU = Debug|Any CPU
		Release|Any CPU = Release|Any CPU
	EndGlobalSection
	GlobalSection(ProjectConfigurationPlatforms) = postSolution
		{1CC51E14-7BAC-4879-A71E-39D78C6188C2}.Debug|Any CPU.ActiveCfg = Debug|Any CPU
		{1CC51E14-7BAC-4879-A71E-39D78C6188C2}.Debug|Any CPU.Build.0 = Debug|Any CPU
		{1CC51E14-7BAC-4879-A71E-39D78C6188C2}.Release|Any CPU.ActiveCfg = Release|Any CPU
		{1CC51E14-7BAC-4879-A71E-39D78C6188C2}.Release|Any CPU.Build.0 = Release|Any CPU
		{B1F88E06-6A3B-4EB9-B2F4-DA6FCDA69E5D}.Debug|Any CPU.ActiveCfg = Debug|Any CPU
		{B1F88E06-6A3B-4EB9-B2F4-DA6FCDA69E5D}.Debug|Any CPU.Build.0 = Debug|Any CPU
		{B1F88E06-6A3B-4EB9-B2F4-DA6FCDA69E5D}.Release|Any CPU.ActiveCfg = Release|Any CPU
		{B1F88E06-6A3B-4EB9-B2F4-DA6FCDA69E5D}.Release|Any CPU.Build.0 = Release|Any CPU
		{D4F12D30-FF81-44EA-9E71-C3A947B81867}.Debug|Any CPU.ActiveCfg = Debug|Any CPU
		{D4F12D30-FF81-44EA-9E71-C3A947B81867}.Debug|Any CPU.Build.0 = Debug|Any CPU
		{D4F12D30-FF81-44EA-9E71-C3A947B81867}.Release|Any CPU.ActiveCfg = Release|Any CPU
		{D4F12D30-FF81-44EA-9E71-C3A947B81867}.Release|Any CPU.Build.0 = Release|Any CPU
		{61D7FED6-129A-480A-AC7D-F5F39D028AB9}.Debug|Any CPU.ActiveCfg = Debug|Any CPU
		{61D7FED6-129A-480A-AC7D-F5F39D028AB9}.Debug|Any CPU.Build.0 = Debug|Any CPU
		{61D7FED6-129A-480A-AC7D-F5F39D028AB9}.Release|Any CPU.ActiveCfg = Release|Any CPU
		{61D7FED6-129A-480A-AC7D-F5F39D028AB9}.Release|Any CPU.Build.0 = Release|Any CPU
		{8C733914-E90C-4EE8-B8EF-C9D724EA98B9}.Debug|Any CPU.ActiveCfg = Debug|Any CPU
		{8C733914-E90C-4EE8-B8EF-C9D724EA98B9}.Debug|Any CPU.Build.0 = Debug|Any CPU
		{8C733914-E90C-4EE8-B8EF-C9D724EA98B9}.Release|Any CPU.ActiveCfg = Release|Any CPU
		{8C733914-E90C-4EE8-B8EF-C9D724EA98B9}.Release|Any CPU.Build.0 = Release|Any CPU
		{854B5BD7-07F0-4336-9739-FD124D856079}.Debug|Any CPU.ActiveCfg = Debug|Any CPU
		{854B5BD7-07F0-4336-9739-FD124D856079}.Debug|Any CPU.Build.0 = Debug|Any CPU
		{854B5BD7-07F0-4336-9739-FD124D856079}.Release|Any CPU.ActiveCfg = Release|Any CPU
		{854B5BD7-07F0-4336-9739-FD124D856079}.Release|Any CPU.Build.0 = Release|Any CPU
		{58EF4533-5880-4483-A949-0B868C7E0FEC}.Debug|Any CPU.ActiveCfg = Debug|Any CPU
		{58EF4533-5880-4483-A949-0B868C7E0FEC}.Debug|Any CPU.Build.0 = Debug|Any CPU
		{58EF4533-5880-4483-A949-0B868C7E0FEC}.Release|Any CPU.ActiveCfg = Release|Any CPU
		{58EF4533-5880-4483-A949-0B868C7E0FEC}.Release|Any CPU.Build.0 = Release|Any CPU
		{8BA89576-A054-4371-9DF3-3E26589E9EE0}.Debug|Any CPU.ActiveCfg = Debug|Any CPU
		{8BA89576-A054-4371-9DF3-3E26589E9EE0}.Debug|Any CPU.Build.0 = Debug|Any CPU
		{8BA89576-A054-4371-9DF3-3E26589E9EE0}.Release|Any CPU.ActiveCfg = Release|Any CPU
		{8BA89576-A054-4371-9DF3-3E26589E9EE0}.Release|Any CPU.Build.0 = Release|Any CPU
	EndGlobalSection
	GlobalSection(SolutionProperties) = preSolution
		HideSolutionNode = FALSE
	EndGlobalSection
	GlobalSection(NestedProjects) = preSolution
		{668BB5B5-8EB2-4A78-AA30-5F815322FC7C} = {0FA34B48-4A63-4572-BF79-0E39761D1564}
		{1CC51E14-7BAC-4879-A71E-39D78C6188C2} = {342C2625-84AF-431B-B83A-B261A65ACEA5}
		{FEA3D5D0-987E-4ADB-AAF7-C3F9C2B5DB35} = {0FA34B48-4A63-4572-BF79-0E39761D1564}
		{B1F88E06-6A3B-4EB9-B2F4-DA6FCDA69E5D} = {1F61C2E7-2B88-4EF1-B6A5-F6BE8E730B03}
		{D4F12D30-FF81-44EA-9E71-C3A947B81867} = {668BB5B5-8EB2-4A78-AA30-5F815322FC7C}
		{61D7FED6-129A-480A-AC7D-F5F39D028AB9} = {98DB3CEB-2C21-4C59-B107-88A78C16030A}
		{8C733914-E90C-4EE8-B8EF-C9D724EA98B9} = {FEA3D5D0-987E-4ADB-AAF7-C3F9C2B5DB35}
		{0533467F-7AF0-4E43-B4F8-A50DA07AF5A3} = {0FA34B48-4A63-4572-BF79-0E39761D1564}
		{854B5BD7-07F0-4336-9739-FD124D856079} = {0533467F-7AF0-4E43-B4F8-A50DA07AF5A3}
		{58EF4533-5880-4483-A949-0B868C7E0FEC} = {1F61C2E7-2B88-4EF1-B6A5-F6BE8E730B03}
		{8BA89576-A054-4371-9DF3-3E26589E9EE0} = {A15A6125-34B2-41C8-9543-47B0EA8ABF33}
	EndGlobalSection
	GlobalSection(ExtensibilityGlobals) = postSolution
		SolutionGuid = {F966FA87-4718-42E4-BCCB-72C2B0007427}
	EndGlobalSection
EndGlobal
